
Microsoft Visual Studio Solution File, Format Version 12.00
# Visual Studio 2012
Project("{FAE04EC0-301F-11D3-BF4B-00C04F79EFBC}") = "POSSIBLE.RobotsTxtHandler", "..\src\POSSIBLE.RobotsTxtHandler.csproj", "{1BAA0C81-6F33-42FE-A6C1-221EF415DDFE}"
EndProject
Global
	GlobalSection(SolutionConfigurationPlatforms) = preSolution
		Debug|Any CPU = Debug|Any CPU
		Release|Any CPU = Release|Any CPU
	EndGlobalSection
	GlobalSection(ProjectConfigurationPlatforms) = postSolution
		{1BAA0C81-6F33-42FE-A6C1-221EF415DDFE}.Debug|Any CPU.ActiveCfg = Debug|Any CPU
		{1BAA0C81-6F33-42FE-A6C1-221EF415DDFE}.Debug|Any CPU.Build.0 = Debug|Any CPU
		{1BAA0C81-6F33-42FE-A6C1-221EF415DDFE}.Release|Any CPU.ActiveCfg = Release|Any CPU
		{1BAA0C81-6F33-42FE-A6C1-221EF415DDFE}.Release|Any CPU.Build.0 = Release|Any CPU
	EndGlobalSection
	GlobalSection(SolutionProperties) = preSolution
		HideSolutionNode = FALSE
	EndGlobalSection
EndGlobal
